<?xml version="1.0" encoding="utf-8"?>
<Project ToolsVersion="4.0" xmlns="http://schemas.microsoft.com/developer/msbuild/2003">
  <ItemGroup>
    <ClCompile Include="..\..\..\source\GeoTransform.cpp">
      <Filter>data\transform</Filter>
    </ClCompile>
    <ClCompile Include="..\..\..\source\AABB.cpp">
      <Filter>data\bb</Filter>
    </ClCompile>
    <ClCompile Include="..\..\..\source\BoundingBox.cpp">
      <Filter>data\bb</Filter>
    </ClCompile>
    <ClCompile Include="..\..\..\source\OBB.cpp">
      <Filter>data\bb</Filter>
    </ClCompile>
    <ClCompile Include="..\..\..\source\RenderColorCommon.cpp">
      <Filter>render\data\color</Filter>
    </ClCompile>
    <ClCompile Include="..\..\..\source\RenderColorMap.cpp">
      <Filter>render\data\color</Filter>
    </ClCompile>
    <ClCompile Include="..\..\..\source\RenderCamera.cpp">
      <Filter>render\data\camera</Filter>
    </ClCompile>
    <ClCompile Include="..\..\..\source\FilterFactory.cpp">
      <Filter>render\data\filter</Filter>
    </ClCompile>
    <ClCompile Include="..\..\..\source\RenderFilter.cpp">
      <Filter>render\data\filter</Filter>
    </ClCompile>
    <ClCompile Include="..\..\..\source\RenderShader.cpp">
      <Filter>render\data\shader</Filter>
    </ClCompile>
    <ClCompile Include="..\..\..\source\Texture.cpp">
      <Filter>data\component</Filter>
    </ClCompile>
    <ClCompile Include="..\..\..\source\Callback.cpp" />
    <ClCompile Include="..\..\..\source\RenderTargetMgr.cpp">
      <Filter>data\rt</Filter>
    </ClCompile>
    <ClCompile Include="..\..\..\source\RenderTarget.cpp">
      <Filter>data\rt</Filter>
    </ClCompile>
    <ClCompile Include="..\..\..\source\RenderScreen.cpp">
      <Filter>data\scissor</Filter>
    </ClCompile>
    <ClCompile Include="..\..\..\source\RenderScissor.cpp">
      <Filter>data\scissor</Filter>
    </ClCompile>
    <ClCompile Include="..\..\..\source\CameraMgr.cpp">
      <Filter>data\camera</Filter>
    </ClCompile>
    <ClCompile Include="..\..\..\source\Pseudo3DCamera.cpp">
      <Filter>data\camera</Filter>
    </ClCompile>
    <ClCompile Include="..\..\..\source\OrthoCamera.cpp">
      <Filter>data\camera</Filter>
    </ClCompile>
    <ClCompile Include="..\..\..\source\Blackboard.cpp">
      <Filter>ctx</Filter>
    </ClCompile>
    <ClCompile Include="..\..\..\source\WindowContext.cpp">
      <Filter>ctx</Filter>
    </ClCompile>
    <ClCompile Include="..\..\..\source\GradientColor.cpp">
      <Filter>data\color</Filter>
    </ClCompile>
    <ClCompile Include="..\..\..\source\WindowCtxRegion.cpp">
      <Filter>ctx</Filter>
    </ClCompile>
    <ClCompile Include="..\..\..\source\DrawRT.cpp">
      <Filter>render\draw</Filter>
    </ClCompile>
    <ClCompile Include="..\..\..\source\DebugDraw.cpp">
      <Filter>render\draw</Filter>
    </ClCompile>
    <ClCompile Include="..\..\..\source\Shader.cpp">
      <Filter>data\shader</Filter>
    </ClCompile>
    <ClCompile Include="..\..\..\source\RenderSystem.cpp">
      <Filter>render</Filter>
    </ClCompile>
    <ClCompile Include="..\..\..\source\DrawShape.cpp">
      <Filter>render</Filter>
    </ClCompile>
    <ClCompile Include="..\..\..\source\RenderTargetCtx.cpp">
      <Filter>data\rt</Filter>
    </ClCompile>
  </ItemGroup>
  <ItemGroup>
    <ClInclude Include="..\..\..\include\painting2\GeoTransform.h">
      <Filter>data\transform</Filter>
    </ClInclude>
    <ClInclude Include="..\..\..\include\painting2\SRT.h">
      <Filter>data\transform</Filter>
    </ClInclude>
    <ClInclude Include="..\..\..\include\painting2\AABB.h">
      <Filter>data\bb</Filter>
    </ClInclude>
    <ClInclude Include="..\..\..\include\painting2\BoundingBox.h">
      <Filter>data\bb</Filter>
    </ClInclude>
    <ClInclude Include="..\..\..\include\painting2\OBB.h">
      <Filter>data\bb</Filter>
    </ClInclude>
    <ClInclude Include="..\..\..\include\painting2\FilterMode.h">
      <Filter>render\data\filter</Filter>
    </ClInclude>
    <ClInclude Include="..\..\..\include\painting2\RenderColorCommon.h">
      <Filter>render\data\color</Filter>
    </ClInclude>
    <ClInclude Include="..\..\..\include\painting2\RenderColorMap.h">
      <Filter>render\data\color</Filter>
    </ClInclude>
    <ClInclude Include="..\..\..\include\painting2\BlendMode.h">
      <Filter>render\data\blend</Filter>
    </ClInclude>
    <ClInclude Include="..\..\..\include\painting2\FastBlendMode.h">
      <Filter>render\data\blend</Filter>
    </ClInclude>
    <ClInclude Include="..\..\..\include\painting2\CameraMode.h">
      <Filter>render\data\camera</Filter>
    </ClInclude>
    <ClInclude Include="..\..\..\include\painting2\RenderCamera.h">
      <Filter>render\data\camera</Filter>
    </ClInclude>
    <ClInclude Include="..\..\..\include\painting2\RFSwirl.h">
      <Filter>render\data\filter\items</Filter>
    </ClInclude>
    <ClInclude Include="..\..\..\include\painting2\RFShockWave.h">
      <Filter>render\data\filter\items</Filter>
    </ClInclude>
    <ClInclude Include="..\..\..\include\painting2\RFRelief.h">
      <Filter>render\data\filter\items</Filter>
    </ClInclude>
    <ClInclude Include="..\..\..\include\painting2\RFOutline.h">
      <Filter>render\data\filter\items</Filter>
    </ClInclude>
    <ClInclude Include="..\..\..\include\painting2\RFOuterGlow.h">
      <Filter>render\data\filter\items</Filter>
    </ClInclude>
    <ClInclude Include="..\..\..\include\painting2\RFHeatHaze.h">
      <Filter>render\data\filter\items</Filter>
    </ClInclude>
    <ClInclude Include="..\..\..\include\painting2\RFGray.h">
      <Filter>render\data\filter\items</Filter>
    </ClInclude>
    <ClInclude Include="..\..\..\include\painting2\RFGaussianBlur.h">
      <Filter>render\data\filter\items</Filter>
    </ClInclude>
    <ClInclude Include="..\..\..\include\painting2\RFEdgeDetection.h">
      <Filter>render\data\filter\items</Filter>
    </ClInclude>
    <ClInclude Include="..\..\..\include\painting2\RFColGrading.h">
      <Filter>render\data\filter\items</Filter>
    </ClInclude>
    <ClInclude Include="..\..\..\include\painting2\RFBurningMap.h">
      <Filter>render\data\filter\items</Filter>
    </ClInclude>
    <ClInclude Include="..\..\..\include\painting2\RFBlur.h">
      <Filter>render\data\filter\items</Filter>
    </ClInclude>
    <ClInclude Include="..\..\..\include\painting2\FilterFactory.h">
      <Filter>render\data\filter</Filter>
    </ClInclude>
    <ClInclude Include="..\..\..\include\painting2\RenderFilter.h">
      <Filter>render\data\filter</Filter>
    </ClInclude>
    <ClInclude Include="..\..\..\include\painting2\RenderShader.h">
      <Filter>render\data\shader</Filter>
    </ClInclude>
    <ClInclude Include="..\..\..\include\painting2\typedef.h" />
    <ClInclude Include="..\..\..\include\painting2\config.h" />
    <ClInclude Include="..\..\..\include\painting2\Texture.h">
      <Filter>data\component</Filter>
    </ClInclude>
    <ClInclude Include="..\..\..\include\painting2\Textbox.h">
      <Filter>data\component</Filter>
    </ClInclude>
    <ClInclude Include="..\..\..\include\painting2\Text.h">
      <Filter>data\component</Filter>
    </ClInclude>
    <ClInclude Include="..\..\..\include\painting2\Callback.h" />
    <ClInclude Include="..\..\..\include\painting2\DrawMask.h">
      <Filter>render\draw</Filter>
    </ClInclude>
    <ClInclude Include="..\..\..\include\painting2\RenderTargetMgr.h">
      <Filter>data\rt</Filter>
    </ClInclude>
    <ClInclude Include="..\..\..\include\painting2\RenderTarget.h">
      <Filter>data\rt</Filter>
    </ClInclude>
    <ClInclude Include="..\..\..\include\painting2\RenderScreen.h">
      <Filter>data\scissor</Filter>
    </ClInclude>
    <ClInclude Include="..\..\..\include\painting2\RenderScissor.h">
      <Filter>data\scissor</Filter>
    </ClInclude>
    <ClInclude Include="..\..\..\include\painting2\CameraMgr.h">
      <Filter>data\camera</Filter>
    </ClInclude>
    <ClInclude Include="..\..\..\include\painting2\Pseudo3DCamera.h">
      <Filter>data\camera</Filter>
    </ClInclude>
    <ClInclude Include="..\..\..\include\painting2\OrthoCamera.h">
      <Filter>data\camera</Filter>
    </ClInclude>
    <ClInclude Include="..\..\..\include\painting2\DrawMesh.h">
      <Filter>render\draw</Filter>
    </ClInclude>
    <ClInclude Include="..\..\..\include\painting2\DrawPingPong.h">
      <Filter>render\draw</Filter>
    </ClInclude>
    <ClInclude Include="..\..\..\include\painting2\Mesh.h">
      <Filter>render\data\mesh</Filter>
    </ClInclude>
    <ClInclude Include="..\..\..\include\painting2\Blackboard.h">
      <Filter>ctx</Filter>
    </ClInclude>
    <ClInclude Include="..\..\..\include\painting2\WindowContext.h">
      <Filter>ctx</Filter>
    </ClInclude>
    <ClInclude Include="..\..\..\include\painting2\RenderContext.h">
      <Filter>ctx</Filter>
    </ClInclude>
    <ClInclude Include="..\..\..\include\painting2\GradientColor.h">
      <Filter>data\color</Filter>
    </ClInclude>
    <ClInclude Include="..\..\..\include\painting2\DrawRT.h">
      <Filter>render\draw</Filter>
    </ClInclude>
    <ClInclude Include="..\..\..\include\painting2\WindowCtxRegion.h">
      <Filter>ctx</Filter>
    </ClInclude>
    <ClInclude Include="..\..\..\include\painting2\DebugDraw.h">
      <Filter>render\draw</Filter>
    </ClInclude>
    <ClInclude Include="..\..\..\include\painting2\Shader.h">
      <Filter>data\shader</Filter>
    </ClInclude>
    <ClInclude Include="..\..\..\include\painting2\RenderReturn.h">
      <Filter>render\data</Filter>
    </ClInclude>
    <ClInclude Include="..\..\..\include\painting2\RenderSystem.h">
      <Filter>render</Filter>
    </ClInclude>
    <ClInclude Include="..\..\..\include\painting2\DrawShape.h">
      <Filter>render</Filter>
    </ClInclude>
    <ClInclude Include="..\..\..\include\painting2\RenderTargetCtx.h">
      <Filter>data\rt</Filter>
    </ClInclude>
  </ItemGroup>
  <ItemGroup>
    <Filter Include="render">
      <UniqueIdentifier>{427ce5ba-3b6e-4013-ac49-3327c7c3b567}</UniqueIdentifier>
    </Filter>
    <Filter Include="ctx">
      <UniqueIdentifier>{07a0eab6-2e72-4240-b6a6-6a0ef0191b7b}</UniqueIdentifier>
    </Filter>
    <Filter Include="data">
      <UniqueIdentifier>{a1033e1e-56fc-463e-a29d-68e069b3a161}</UniqueIdentifier>
    </Filter>
    <Filter Include="data\bb">
      <UniqueIdentifier>{cc3e2316-5942-4d83-bfa5-e8212a5edd0a}</UniqueIdentifier>
    </Filter>
    <Filter Include="data\camera">
      <UniqueIdentifier>{31a27eb4-10e5-49d7-b25c-c4c56be4d585}</UniqueIdentifier>
    </Filter>
    <Filter Include="data\color">
      <UniqueIdentifier>{61410980-78e7-4dc7-9e99-cfa4e4c1b396}</UniqueIdentifier>
    </Filter>
    <Filter Include="data\shader">
      <UniqueIdentifier>{14750c4d-2328-455b-b789-bcc97cd496c0}</UniqueIdentifier>
    </Filter>
    <Filter Include="data\transform">
      <UniqueIdentifier>{f3abf220-4dc0-40e9-8919-76a6aa86425d}</UniqueIdentifier>
    </Filter>
    <Filter Include="data\scissor">
      <UniqueIdentifier>{14c47f33-6510-4a19-92f1-726999a9b68e}</UniqueIdentifier>
    </Filter>
    <Filter Include="data\rt">
      <UniqueIdentifier>{a1c72625-e630-444d-a6d4-832db5a73f0d}</UniqueIdentifier>
    </Filter>
    <Filter Include="data\component">
      <UniqueIdentifier>{cbbc356b-5fce-4d7b-8052-aeae07318fae}</UniqueIdentifier>
    </Filter>
    <Filter Include="render\data">
      <UniqueIdentifier>{cc24ad3f-b074-43c9-98b9-4ee0213fba66}</UniqueIdentifier>
    </Filter>
    <Filter Include="render\data\blend">
      <UniqueIdentifier>{1600d3b7-11a1-4632-8c81-4a5ff1abf879}</UniqueIdentifier>
    </Filter>
    <Filter Include="render\data\camera">
      <UniqueIdentifier>{ec1cdb89-50cb-491d-9d52-3d2f3c38a3fb}</UniqueIdentifier>
    </Filter>
    <Filter Include="render\data\color">
      <UniqueIdentifier>{de807c61-524a-4650-8a3e-aef86c4459c9}</UniqueIdentifier>
    </Filter>
    <Filter Include="render\data\filter">
      <UniqueIdentifier>{45eb0105-bd25-479a-8abd-1bbee8187cc0}</UniqueIdentifier>
    </Filter>
    <Filter Include="render\data\filter\items">
      <UniqueIdentifier>{d69ca23c-a76f-44f8-846b-8848304bde6c}</UniqueIdentifier>
    </Filter>
    <Filter Include="render\data\mesh">
      <UniqueIdentifier>{75545928-d3bb-47d9-aab9-0cd8a73af9e4}</UniqueIdentifier>
    </Filter>
    <Filter Include="render\data\shader">
      <UniqueIdentifier>{7662e652-6749-42a6-b9d7-b46995f40e0e}</UniqueIdentifier>
    </Filter>
    <Filter Include="render\draw">
      <UniqueIdentifier>{ec6d3503-1d45-4a04-abd6-ea0e054b74ac}</UniqueIdentifier>
    </Filter>
  </ItemGroup>
  <ItemGroup>
    <None Include="..\..\..\include\painting2\GeoTransform.inl">
      <Filter>data\transform</Filter>
    </None>
    <None Include="..\..\..\include\painting2\AABB.inl">
      <Filter>data\bb</Filter>
    </None>
    <None Include="..\..\..\include\painting2\OBB.inl">
      <Filter>data\bb</Filter>
    </None>
    <None Include="..\..\..\include\painting2\SRT.inl">
      <Filter>data\transform</Filter>
    </None>
    <None Include="..\..\..\include\painting2\DrawMask.inl">
      <Filter>render\draw</Filter>
    </None>
    <None Include="..\..\..\include\painting2\DrawMesh.inl">
      <Filter>render\draw</Filter>
    </None>
    <None Include="..\..\..\include\painting2\DrawPingPong.inl">
      <Filter>render\draw</Filter>
    </None>
    <None Include="..\..\..\include\painting2\Mesh.inl">
      <Filter>render\data\mesh</Filter>
    </None>
    <None Include="..\..\..\include\painting2\DrawRT.inl">
      <Filter>render\draw</Filter>
    </None>
  </ItemGroup>
</Project>